<?xml version="1.0" encoding="utf-8"?>
<Project ToolsVersion="4.0" xmlns="http://schemas.microsoft.com/developer/msbuild/2003">
  <ItemGroup>
    <ClCompile Include="WinMain.cpp" />
    <ClCompile Include="GameNode.cpp">
      <Filter>GameNode</Filter>
    </ClCompile>
    <ClCompile Include="Camera.cpp">
      <Filter>Camera</Filter>
    </ClCompile>
    <ClCompile Include="TimeManager.cpp">
      <Filter>Timer</Filter>
    </ClCompile>
    <ClCompile Include="Timer.cpp">
      <Filter>Timer</Filter>
    </ClCompile>
    <ClCompile Include="GdiPlusManager.cpp">
      <Filter>Manager</Filter>
    </ClCompile>
    <ClCompile Include="FontManager.cpp">
      <Filter>Manager</Filter>
    </ClCompile>
    <ClCompile Include="ImageManager.cpp">
      <Filter>Manager</Filter>
    </ClCompile>
    <ClCompile Include="KeyManager.cpp">
      <Filter>Manager</Filter>
    </ClCompile>
    <ClCompile Include="SceneManager.cpp">
      <Filter>Manager</Filter>
    </ClCompile>
    <ClCompile Include="TempSoundManager.cpp">
      <Filter>Manager</Filter>
    </ClCompile>
    <ClCompile Include="ImageBase.cpp">
      <Filter>Image</Filter>
    </ClCompile>
    <ClCompile Include="ImageGp.cpp">
      <Filter>Image</Filter>
    </ClCompile>
    <ClCompile Include="Player.cpp">
      <Filter>GameObject</Filter>
    </ClCompile>
    <ClCompile Include="MainScene.cpp">
      <Filter>Scene</Filter>
    </ClCompile>
    <ClCompile Include="Stdafx.cpp">
      <Filter>Stdafx</Filter>
    </ClCompile>
    <ClCompile Include="MainGame.cpp">
      <Filter>GameNode</Filter>
    </ClCompile>
    <ClCompile Include="Utils.cpp">
      <Filter>Utillity</Filter>
    </ClCompile>
    <ClCompile Include="GameObject.cpp">
      <Filter>GameObject</Filter>
    </ClCompile>
    <ClCompile Include="ImageClass.cpp">
      <Filter>Manager</Filter>
    </ClCompile>
    <ClCompile Include="NPC.cpp">
      <Filter>GameObject</Filter>
    </ClCompile>
    <ClCompile Include="NpcManager.cpp">
      <Filter>GameObject</Filter>
    </ClCompile>
  </ItemGroup>
  <ItemGroup>
    <ClInclude Include="GameNode.h">
      <Filter>GameNode</Filter>
    </ClInclude>
    <ClInclude Include="SingletonBase.h">
      <Filter>DesignPattern</Filter>
    </ClInclude>
    <ClInclude Include="Camera.h">
      <Filter>Camera</Filter>
    </ClInclude>
    <ClInclude Include="Timer.h">
      <Filter>Timer</Filter>
    </ClInclude>
    <ClInclude Include="TimeManager.h">
      <Filter>Timer</Filter>
    </ClInclude>
    <ClInclude Include="GdiPlusManager.h">
      <Filter>Manager</Filter>
    </ClInclude>
    <ClInclude Include="FontManager.h">
      <Filter>Manager</Filter>
    </ClInclude>
    <ClInclude Include="ImageManager.h">
      <Filter>Manager</Filter>
    </ClInclude>
    <ClInclude Include="KeyManager.h">
      <Filter>Manager</Filter>
    </ClInclude>
    <ClInclude Include="SceneManager.h">
      <Filter>Manager</Filter>
    </ClInclude>
    <ClInclude Include="TempSoundManager.h">
      <Filter>Manager</Filter>
    </ClInclude>
    <ClInclude Include="ImageBase.h">
      <Filter>Image</Filter>
    </ClInclude>
    <ClInclude Include="ImageGp.h">
      <Filter>Image</Filter>
    </ClInclude>
    <ClInclude Include="Player.h">
      <Filter>GameObject</Filter>
    </ClInclude>
    <ClInclude Include="MainScene.h">
      <Filter>Scene</Filter>
    </ClInclude>
    <ClInclude Include="Stdafx.h">
      <Filter>Stdafx</Filter>
    </ClInclude>
    <ClInclude Include="MainGame.h">
      <Filter>GameNode</Filter>
    </ClInclude>
    <ClInclude Include="Utils.h">
      <Filter>Utillity</Filter>
    </ClInclude>
    <ClInclude Include="RandomFunction.h">
      <Filter>Utillity</Filter>
    </ClInclude>
    <ClInclude Include="ShapeFunction.h">
      <Filter>Utillity</Filter>
    </ClInclude>
    <ClInclude Include="GameObject.h">
      <Filter>GameObject</Filter>
    </ClInclude>
    <ClInclude Include="ImageClass.h">
      <Filter>Manager</Filter>
    </ClInclude>
    <ClInclude Include="NPC.h">
      <Filter>GameObject</Filter>
    </ClInclude>
    <ClInclude Include="NpcManager.h">
      <Filter>GameObject</Filter>
    </ClInclude>
  </ItemGroup>
  <ItemGroup>
    <Filter Include="GameNode">
      <UniqueIdentifier>{3c0c825a-889f-4ccb-bffd-c641d5b04583}</UniqueIdentifier>
    </Filter>
    <Filter Include="DesignPattern">
      <UniqueIdentifier>{59d68157-00ef-45c5-a0a1-21e0f07ff0a2}</UniqueIdentifier>
    </Filter>
    <Filter Include="Camera">
      <UniqueIdentifier>{5366ba7e-dc79-43ed-924c-62edef265e6d}</UniqueIdentifier>
    </Filter>
    <Filter Include="Timer">
      <UniqueIdentifier>{5fe6858b-580b-4a90-8561-1be3ebce8159}</UniqueIdentifier>
    </Filter>
    <Filter Include="Manager">
      <UniqueIdentifier>{265bbc97-a1d0-40e4-8ae9-8188aa7f2a26}</UniqueIdentifier>
    </Filter>
    <Filter Include="Image">
      <UniqueIdentifier>{2abbf95a-a597-4a11-9f10-832d37c0f371}</UniqueIdentifier>
    </Filter>
    <Filter Include="GameObject">
      <UniqueIdentifier>{bb36f608-44d3-4646-a92a-73145b9347cd}</UniqueIdentifier>
    </Filter>
    <Filter Include="Scene">
      <UniqueIdentifier>{4c512986-2629-44b1-a947-c6f7c056e674}</UniqueIdentifier>
    </Filter>
    <Filter Include="Stdafx">
      <UniqueIdentifier>{8cf155d6-1cfc-4aa4-8c09-5367ea81cc41}</UniqueIdentifier>
    </Filter>
    <Filter Include="Utillity">
      <UniqueIdentifier>{56d38487-8a31-4524-8dda-c3fcef6a1dd1}</UniqueIdentifier>
    </Filter>
  </ItemGroup>
</Project>